
Microsoft Visual Studio Solution File, Format Version 12.00
# Visual Studio Version 16
VisualStudioVersion = 16.0.34114.132
MinimumVisualStudioVersion = 10.0.40219.1
Project("{8BC9CEB8-8B4A-11D0-8D11-00A0C91BC942}") = "DVD Bounce", "DVD Bounce\DVD Bounce.vcxproj", "{849C35A1-381A-4A58-98F5-D0C7F67DA288}"
EndProject
Global
	GlobalSection(SolutionConfigurationPlatforms) = preSolution
		Debug|x64 = Debug|x64
		Debug|x86 = Debug|x86
		Release|x64 = Release|x64
		Release|x86 = Release|x86
	EndGlobalSection
	GlobalSection(ProjectConfigurationPlatforms) = postSolution
		{849C35A1-381A-4A58-98F5-D0C7F67DA288}.Debug|x64.ActiveCfg = Debug|x64
		{849C35A1-381A-4A58-98F5-D0C7F67DA288}.Debug|x64.Build.0 = Debug|x64
		{849C35A1-381A-4A58-98F5-D0C7F67DA288}.Debug|x86.ActiveCfg = Debug|Win32
		{849C35A1-381A-4A58-98F5-D0C7F67DA288}.Debug|x86.Build.0 = Debug|Win32
		{849C35A1-381A-4A58-98F5-D0C7F67DA288}.Release|x64.ActiveCfg = Release|x64
		{849C35A1-381A-4A58-98F5-D0C7F67DA288}.Release|x64.Build.0 = Release|x64
		{849C35A1-381A-4A58-98F5-D0C7F67DA288}.Release|x86.ActiveCfg = Release|Win32
		{849C35A1-381A-4A58-98F5-D0C7F67DA288}.Release|x86.Build.0 = Release|Win32
	EndGlobalSection
	GlobalSection(SolutionProperties) = preSolution
		HideSolutionNode = FALSE
	EndGlobalSection
	GlobalSection(ExtensibilityGlobals) = postSolution
		SolutionGuid = {04FF310A-AF46-4595-BD8C-78D17096B758}
	EndGlobalSection
EndGlobal
